
Microsoft Visual Studio Solution File, Format Version 11.00
# Visual Studio 2010
Project("{8BC9CEB8-8B4A-11D0-8D11-00A0C91BC942}") = "Voice_calculator", "Voice_calculator\Voice_calculator.vcxproj", "{1AE173BE-7039-472E-A582-6097FB66E500}"
EndProject
Global
	GlobalSection(SolutionConfigurationPlatforms) = preSolution
		Debug|Win32 = Debug|Win32
		Release|Win32 = Release|Win32
	EndGlobalSection
	GlobalSection(ProjectConfigurationPlatforms) = postSolution
		{1AE173BE-7039-472E-A582-6097FB66E500}.Debug|Win32.ActiveCfg = Debug|Win32
		{1AE173BE-7039-472E-A582-6097FB66E500}.Debug|Win32.Build.0 = Debug|Win32
		{1AE173BE-7039-472E-A582-6097FB66E500}.Release|Win32.ActiveCfg = Release|Win32
		{1AE173BE-7039-472E-A582-6097FB66E500}.Release|Win32.Build.0 = Release|Win32
	EndGlobalSection
	GlobalSection(SolutionProperties) = preSolution
		HideSolutionNode = FALSE
	EndGlobalSection
EndGlobal
